// !$*UTF8*$!
{
	archiveVersion = 1;
	classes = {
	};
	objectVersion = 46;
	objects = {

/* Begin PBXBuildFile section */
		5FAEA6B536417DB6ECC340A5 /* Pods_TicketApp.framework in Frameworks */ = {isa = PBXBuildFile; fileRef = D0CBF5E830A100F7A5EE5515 /* Pods_TicketApp.framework */; };
		F44239F71E971DE4004E3E4A /* TabBarViewController.m in Sources */ = {isa = PBXBuildFile; fileRef = F44239F41E971DE4004E3E4A /* TabBarViewController.m */; };
		F44239F81E971DE4004E3E4A /* YKNavController.m in Sources */ = {isa = PBXBuildFile; fileRef = F44239F61E971DE4004E3E4A /* YKNavController.m */; };
		F44239FC1E9720DD004E3E4A /* UIColor+Addtion.m in Sources */ = {isa = PBXBuildFile; fileRef = F44239FB1E9720DD004E3E4A /* UIColor+Addtion.m */; };
		F4423A0F1E972A9F004E3E4A /* YKHomeViewController.m in Sources */ = {isa = PBXBuildFile; fileRef = F4423A0E1E972A9F004E3E4A /* YKHomeViewController.m */; };
		F4423A121E972AB8004E3E4A /* YKMarketViewController.m in Sources */ = {isa = PBXBuildFile; fileRef = F4423A111E972AB8004E3E4A /* YKMarketViewController.m */; };
		F4423A151E972ACA004E3E4A /* YKMeViewController.m in Sources */ = {isa = PBXBuildFile; fileRef = F4423A141E972ACA004E3E4A /* YKMeViewController.m */; };
		F4423A211E9774A0004E3E4A /* YKLoginViewController.m in Sources */ = {isa = PBXBuildFile; fileRef = F4423A201E9774A0004E3E4A /* YKLoginViewController.m */; };
		F4423A251E977E78004E3E4A /* YKNetWorkManager.m in Sources */ = {isa = PBXBuildFile; fileRef = F4423A241E977E78004E3E4A /* YKNetWorkManager.m */; };
		F4423A381E97816D004E3E4A /* TAAbstractDotView.m in Sources */ = {isa = PBXBuildFile; fileRef = F4423A2B1E97816D004E3E4A /* TAAbstractDotView.m */; };
		F4423A391E97816D004E3E4A /* TAAnimatedDotView.m in Sources */ = {isa = PBXBuildFile; fileRef = F4423A2D1E97816D004E3E4A /* TAAnimatedDotView.m */; };
		F4423A3A1E97816D004E3E4A /* TADotView.m in Sources */ = {isa = PBXBuildFile; fileRef = F4423A2F1E97816D004E3E4A /* TADotView.m */; };
		F4423A3B1E97816D004E3E4A /* TAPageControl.m in Sources */ = {isa = PBXBuildFile; fileRef = F4423A311E97816D004E3E4A /* TAPageControl.m */; };
		F4423A3C1E97816D004E3E4A /* SDCollectionViewCell.m in Sources */ = {isa = PBXBuildFile; fileRef = F4423A331E97816D004E3E4A /* SDCollectionViewCell.m */; };
		F4423A3D1E97816D004E3E4A /* SDCycleScrollView.m in Sources */ = {isa = PBXBuildFile; fileRef = F4423A351E97816D004E3E4A /* SDCycleScrollView.m */; };
		F4423A3E1E97816D004E3E4A /* UIView+SDExtension.m in Sources */ = {isa = PBXBuildFile; fileRef = F4423A371E97816D004E3E4A /* UIView+SDExtension.m */; };
		F4423A411E978396004E3E4A /* YKMarketTableViewCell.m in Sources */ = {isa = PBXBuildFile; fileRef = F4423A401E978396004E3E4A /* YKMarketTableViewCell.m */; };
		F4423AA81E9B21C3004E3E4A /* UIScreen+YKScreenTools.m in Sources */ = {isa = PBXBuildFile; fileRef = F4423AA71E9B21C3004E3E4A /* UIScreen+YKScreenTools.m */; };
		F4423AB11E9B5FE4004E3E4A /* YKInvestViewController.m in Sources */ = {isa = PBXBuildFile; fileRef = F4423AB01E9B5FE4004E3E4A /* YKInvestViewController.m */; };
		F4423AB41E9B5FF4004E3E4A /* YKIncomeViewController.m in Sources */ = {isa = PBXBuildFile; fileRef = F4423AB31E9B5FF4004E3E4A /* YKIncomeViewController.m */; };
		F4423AB71E9B709C004E3E4A /* YKInvestTableViewCell.m in Sources */ = {isa = PBXBuildFile; fileRef = F4423AB61E9B709C004E3E4A /* YKInvestTableViewCell.m */; };
		F4423ABC1E9C690C004E3E4A /* YKDetailViewController.m in Sources */ = {isa = PBXBuildFile; fileRef = F4423ABB1E9C690C004E3E4A /* YKDetailViewController.m */; };
		F4423AC01E9C7C41004E3E4A /* YKIncomeTableViewCell.m in Sources */ = {isa = PBXBuildFile; fileRef = F4423ABF1E9C7C40004E3E4A /* YKIncomeTableViewCell.m */; };
		F4423ADB1E9DBB7A004E3E4A /* YKHomeMeTableViewCell.m in Sources */ = {isa = PBXBuildFile; fileRef = F4423ADA1E9DBB7A004E3E4A /* YKHomeMeTableViewCell.m */; };
		F4423B011E9DCC6F004E3E4A /* YKHomeInformationViewController.m in Sources */ = {isa = PBXBuildFile; fileRef = F4423AF01E9DCC6F004E3E4A /* YKHomeInformationViewController.m */; };
		F4423B021E9DCC6F004E3E4A /* YKHomeKefuViewController.m in Sources */ = {isa = PBXBuildFile; fileRef = F4423AF61E9DCC6F004E3E4A /* YKHomeKefuViewController.m */; };
		F4423B031E9DCC6F004E3E4A /* YKHomeSettingViewController.m in Sources */ = {isa = PBXBuildFile; fileRef = F4423AFC1E9DCC6F004E3E4A /* YKHomeSettingViewController.m */; };
		F4423B041E9DCC6F004E3E4A /* YKHomeMeViewController.m in Sources */ = {isa = PBXBuildFile; fileRef = F4423B001E9DCC6F004E3E4A /* YKHomeMeViewController.m */; };
		F4423B071E9DCF74004E3E4A /* YKInforTableViewCell.m in Sources */ = {isa = PBXBuildFile; fileRef = F4423B061E9DCF74004E3E4A /* YKInforTableViewCell.m */; };
		F4423B0A1E9DFF9F004E3E4A /* YKSettingTableViewCell.m in Sources */ = {isa = PBXBuildFile; fileRef = F4423B091E9DFF9F004E3E4A /* YKSettingTableViewCell.m */; };
		F4423B101E9E07FA004E3E4A /* YKMaskViewController.m in Sources */ = {isa = PBXBuildFile; fileRef = F4423B0F1E9E07FA004E3E4A /* YKMaskViewController.m */; };
		F4423B131E9E0FF0004E3E4A /* YKMaskTableViewCell.m in Sources */ = {isa = PBXBuildFile; fileRef = F4423B121E9E0FF0004E3E4A /* YKMaskTableViewCell.m */; };
		F4423B161E9E2386004E3E4A /* YKAbutViewController.m in Sources */ = {isa = PBXBuildFile; fileRef = F4423B151E9E2386004E3E4A /* YKAbutViewController.m */; };
		F4423B1B1E9E29A9004E3E4A /* YKAboutTableViewCell.m in Sources */ = {isa = PBXBuildFile; fileRef = F4423B1A1E9E29A9004E3E4A /* YKAboutTableViewCell.m */; };
		F4423B1E1E9F16F5004E3E4A /* UILabel+Addition.m in Sources */ = {isa = PBXBuildFile; fileRef = F4423B1D1E9F16F5004E3E4A /* UILabel+Addition.m */; };
		F4BBFA961E9642D800043CEA /* main.m in Sources */ = {isa = PBXBuildFile; fileRef = F4BBFA951E9642D800043CEA /* main.m */; };
		F4BBFA991E9642D800043CEA /* AppDelegate.m in Sources */ = {isa = PBXBuildFile; fileRef = F4BBFA981E9642D800043CEA /* AppDelegate.m */; };
		F4BBFAA11E9642D800043CEA /* Assets.xcassets in Resources */ = {isa = PBXBuildFile; fileRef = F4BBFAA01E9642D800043CEA /* Assets.xcassets */; };
		F4BBFAA41E9642D800043CEA /* LaunchScreen.storyboard in Resources */ = {isa = PBXBuildFile; fileRef = F4BBFAA21E9642D800043CEA /* LaunchScreen.storyboard */; };
/* End PBXBuildFile section */

/* Begin PBXFileReference section */
		2FD23CB1DE8FC5037980DE87 /* Pods-TicketApp.debug.xcconfig */ = {isa = PBXFileReference; includeInIndex = 1; lastKnownFileType = text.xcconfig; name = "Pods-TicketApp.debug.xcconfig"; path = "Pods/Target Support Files/Pods-TicketApp/Pods-TicketApp.debug.xcconfig"; sourceTree = "<group>"; };
		5D871D7907CDE30EF3A1180F /* Pods-TicketApp.release.xcconfig */ = {isa = PBXFileReference; includeInIndex = 1; lastKnownFileType = text.xcconfig; name = "Pods-TicketApp.release.xcconfig"; path = "Pods/Target Support Files/Pods-TicketApp/Pods-TicketApp.release.xcconfig"; sourceTree = "<group>"; };
		D0CBF5E830A100F7A5EE5515 /* Pods_TicketApp.framework */ = {isa = PBXFileReference; explicitFileType = wrapper.framework; includeInIndex = 0; path = Pods_TicketApp.framework; sourceTree = BUILT_PRODUCTS_DIR; };
		F44239F31E971DE4004E3E4A /* TabBarViewController.h */ = {isa = PBXFileReference; fileEncoding = 4; lastKnownFileType = sourcecode.c.h; path = TabBarViewController.h; sourceTree = "<group>"; };
		F44239F41E971DE4004E3E4A /* TabBarViewController.m */ = {isa = PBXFileReference; fileEncoding = 4; lastKnownFileType = sourcecode.c.objc; path = TabBarViewController.m; sourceTree = "<group>"; };
		F44239F51E971DE4004E3E4A /* YKNavController.h */ = {isa = PBXFileReference; fileEncoding = 4; lastKnownFileType = sourcecode.c.h; path = YKNavController.h; sourceTree = "<group>"; };
		F44239F61E971DE4004E3E4A /* YKNavController.m */ = {isa = PBXFileReference; fileEncoding = 4; lastKnownFileType = sourcecode.c.objc; path = YKNavController.m; sourceTree = "<group>"; };
		F44239FA1E9720DD004E3E4A /* UIColor+Addtion.h */ = {isa = PBXFileReference; fileEncoding = 4; lastKnownFileType = sourcecode.c.h; path = "UIColor+Addtion.h"; sourceTree = "<group>"; };
		F44239FB1E9720DD004E3E4A /* UIColor+Addtion.m */ = {isa = PBXFileReference; fileEncoding = 4; lastKnownFileType = sourcecode.c.objc; path = "UIColor+Addtion.m"; sourceTree = "<group>"; };
		F44239FE1E97246B004E3E4A /* CategoryHeader.h */ = {isa = PBXFileReference; fileEncoding = 4; lastKnownFileType = sourcecode.c.h; path = CategoryHeader.h; sourceTree = "<group>"; };
		F44239FF1E972814004E3E4A /* PrefixHeader.pch */ = {isa = PBXFileReference; fileEncoding = 4; lastKnownFileType = sourcecode.c.h; path = PrefixHeader.pch; sourceTree = "<group>"; };
		F4423A0D1E972A9F004E3E4A /* YKHomeViewController.h */ = {isa = PBXFileReference; fileEncoding = 4; lastKnownFileType = sourcecode.c.h; path = YKHomeViewController.h; sourceTree = "<group>"; };
		F4423A0E1E972A9F004E3E4A /* YKHomeViewController.m */ = {isa = PBXFileReference; fileEncoding = 4; lastKnownFileType = sourcecode.c.objc; path = YKHomeViewController.m; sourceTree = "<group>"; };
		F4423A101E972AB8004E3E4A /* YKMarketViewController.h */ = {isa = PBXFileReference; fileEncoding = 4; lastKnownFileType = sourcecode.c.h; path = YKMarketViewController.h; sourceTree = "<group>"; };
		F4423A111E972AB8004E3E4A /* YKMarketViewController.m */ = {isa = PBXFileReference; fileEncoding = 4; lastKnownFileType = sourcecode.c.objc; path = YKMarketViewController.m; sourceTree = "<group>"; };
		F4423A131E972ACA004E3E4A /* YKMeViewController.h */ = {isa = PBXFileReference; fileEncoding = 4; lastKnownFileType = sourcecode.c.h; path = YKMeViewController.h; sourceTree = "<group>"; };
		F4423A141E972ACA004E3E4A /* YKMeViewController.m */ = {isa = PBXFileReference; fileEncoding = 4; lastKnownFileType = sourcecode.c.objc; path = YKMeViewController.m; sourceTree = "<group>"; };
		F4423A1F1E9774A0004E3E4A /* YKLoginViewController.h */ = {isa = PBXFileReference; fileEncoding = 4; lastKnownFileType = sourcecode.c.h; path = YKLoginViewController.h; sourceTree = "<group>"; };
		F4423A201E9774A0004E3E4A /* YKLoginViewController.m */ = {isa = PBXFileReference; fileEncoding = 4; lastKnownFileType = sourcecode.c.objc; path = YKLoginViewController.m; sourceTree = "<group>"; };
		F4423A231E977E78004E3E4A /* YKNetWorkManager.h */ = {isa = PBXFileReference; fileEncoding = 4; lastKnownFileType = sourcecode.c.h; path = YKNetWorkManager.h; sourceTree = "<group>"; };
		F4423A241E977E78004E3E4A /* YKNetWorkManager.m */ = {isa = PBXFileReference; fileEncoding = 4; lastKnownFileType = sourcecode.c.objc; path = YKNetWorkManager.m; sourceTree = "<group>"; };
		F4423A2A1E97816D004E3E4A /* TAAbstractDotView.h */ = {isa = PBXFileReference; fileEncoding = 4; lastKnownFileType = sourcecode.c.h; path = TAAbstractDotView.h; sourceTree = "<group>"; };
		F4423A2B1E97816D004E3E4A /* TAAbstractDotView.m */ = {isa = PBXFileReference; fileEncoding = 4; lastKnownFileType = sourcecode.c.objc; path = TAAbstractDotView.m; sourceTree = "<group>"; };
		F4423A2C1E97816D004E3E4A /* TAAnimatedDotView.h */ = {isa = PBXFileReference; fileEncoding = 4; lastKnownFileType = sourcecode.c.h; path = TAAnimatedDotView.h; sourceTree = "<group>"; };
		F4423A2D1E97816D004E3E4A /* TAAnimatedDotView.m */ = {isa = PBXFileReference; fileEncoding = 4; lastKnownFileType = sourcecode.c.objc; path = TAAnimatedDotView.m; sourceTree = "<group>"; };
		F4423A2E1E97816D004E3E4A /* TADotView.h */ = {isa = PBXFileReference; fileEncoding = 4; lastKnownFileType = sourcecode.c.h; path = TADotView.h; sourceTree = "<group>"; };
		F4423A2F1E97816D004E3E4A /* TADotView.m */ = {isa = PBXFileReference; fileEncoding = 4; lastKnownFileType = sourcecode.c.objc; path = TADotView.m; sourceTree = "<group>"; };
		F4423A301E97816D004E3E4A /* TAPageControl.h */ = {isa = PBXFileReference; fileEncoding = 4; lastKnownFileType = sourcecode.c.h; path = TAPageControl.h; sourceTree = "<group>"; };
		F4423A311E97816D004E3E4A /* TAPageControl.m */ = {isa = PBXFileReference; fileEncoding = 4; lastKnownFileType = sourcecode.c.objc; path = TAPageControl.m; sourceTree = "<group>"; };
		F4423A321E97816D004E3E4A /* SDCollectionViewCell.h */ = {isa = PBXFileReference; fileEncoding = 4; lastKnownFileType = sourcecode.c.h; path = SDCollectionViewCell.h; sourceTree = "<group>"; };
		F4423A331E97816D004E3E4A /* SDCollectionViewCell.m */ = {isa = PBXFileReference; fileEncoding = 4; lastKnownFileType = sourcecode.c.objc; path = SDCollectionViewCell.m; sourceTree = "<group>"; };
		F4423A341E97816D004E3E4A /* SDCycleScrollView.h */ = {isa = PBXFileReference; fileEncoding = 4; lastKnownFileType = sourcecode.c.h; path = SDCycleScrollView.h; sourceTree = "<group>"; };
		F4423A351E97816D004E3E4A /* SDCycleScrollView.m */ = {isa = PBXFileReference; fileEncoding = 4; lastKnownFileType = sourcecode.c.objc; path = SDCycleScrollView.m; sourceTree = "<group>"; };
		F4423A361E97816D004E3E4A /* UIView+SDExtension.h */ = {isa = PBXFileReference; fileEncoding = 4; lastKnownFileType = sourcecode.c.h; path = "UIView+SDExtension.h"; sourceTree = "<group>"; };
		F4423A371E97816D004E3E4A /* UIView+SDExtension.m */ = {isa = PBXFileReference; fileEncoding = 4; lastKnownFileType = sourcecode.c.objc; path = "UIView+SDExtension.m"; sourceTree = "<group>"; };
		F4423A3F1E978396004E3E4A /* YKMarketTableViewCell.h */ = {isa = PBXFileReference; fileEncoding = 4; lastKnownFileType = sourcecode.c.h; path = YKMarketTableViewCell.h; sourceTree = "<group>"; };
		F4423A401E978396004E3E4A /* YKMarketTableViewCell.m */ = {isa = PBXFileReference; fileEncoding = 4; lastKnownFileType = sourcecode.c.objc; path = YKMarketTableViewCell.m; sourceTree = "<group>"; };
		F4423AA61E9B21C3004E3E4A /* UIScreen+YKScreenTools.h */ = {isa = PBXFileReference; fileEncoding = 4; lastKnownFileType = sourcecode.c.h; path = "UIScreen+YKScreenTools.h"; sourceTree = "<group>"; };
		F4423AA71E9B21C3004E3E4A /* UIScreen+YKScreenTools.m */ = {isa = PBXFileReference; fileEncoding = 4; lastKnownFileType = sourcecode.c.objc; path = "UIScreen+YKScreenTools.m"; sourceTree = "<group>"; };
		F4423AAF1E9B5FE4004E3E4A /* YKInvestViewController.h */ = {isa = PBXFileReference; fileEncoding = 4; lastKnownFileType = sourcecode.c.h; path = YKInvestViewController.h; sourceTree = "<group>"; };
		F4423AB01E9B5FE4004E3E4A /* YKInvestViewController.m */ = {isa = PBXFileReference; fileEncoding = 4; lastKnownFileType = sourcecode.c.objc; path = YKInvestViewController.m; sourceTree = "<group>"; };
		F4423AB21E9B5FF4004E3E4A /* YKIncomeViewController.h */ = {isa = PBXFileReference; fileEncoding = 4; lastKnownFileType = sourcecode.c.h; path = YKIncomeViewController.h; sourceTree = "<group>"; };
		F4423AB31E9B5FF4004E3E4A /* YKIncomeViewController.m */ = {isa = PBXFileReference; fileEncoding = 4; lastKnownFileType = sourcecode.c.objc; path = YKIncomeViewController.m; sourceTree = "<group>"; };
		F4423AB51E9B709C004E3E4A /* YKInvestTableViewCell.h */ = {isa = PBXFileReference; fileEncoding = 4; lastKnownFileType = sourcecode.c.h; path = YKInvestTableViewCell.h; sourceTree = "<group>"; };
		F4423AB61E9B709C004E3E4A /* YKInvestTableViewCell.m */ = {isa = PBXFileReference; fileEncoding = 4; lastKnownFileType = sourcecode.c.objc; path = YKInvestTableViewCell.m; sourceTree = "<group>"; };
		F4423ABA1E9C690C004E3E4A /* YKDetailViewController.h */ = {isa = PBXFileReference; fileEncoding = 4; lastKnownFileType = sourcecode.c.h; path = YKDetailViewController.h; sourceTree = "<group>"; };
		F4423ABB1E9C690C004E3E4A /* YKDetailViewController.m */ = {isa = PBXFileReference; fileEncoding = 4; lastKnownFileType = sourcecode.c.objc; path = YKDetailViewController.m; sourceTree = "<group>"; };
		F4423ABE1E9C7C40004E3E4A /* YKIncomeTableViewCell.h */ = {isa = PBXFileReference; fileEncoding = 4; lastKnownFileType = sourcecode.c.h; path = YKIncomeTableViewCell.h; sourceTree = "<group>"; };
		F4423ABF1E9C7C40004E3E4A /* YKIncomeTableViewCell.m */ = {isa = PBXFileReference; fileEncoding = 4; lastKnownFileType = sourcecode.c.objc; path = YKIncomeTableViewCell.m; sourceTree = "<group>"; };
		F4423AD91E9DBB7A004E3E4A /* YKHomeMeTableViewCell.h */ = {isa = PBXFileReference; fileEncoding = 4; lastKnownFileType = sourcecode.c.h; path = YKHomeMeTableViewCell.h; sourceTree = "<group>"; };
		F4423ADA1E9DBB7A004E3E4A /* YKHomeMeTableViewCell.m */ = {isa = PBXFileReference; fileEncoding = 4; lastKnownFileType = sourcecode.c.objc; path = YKHomeMeTableViewCell.m; sourceTree = "<group>"; };
		F4423AEF1E9DCC6F004E3E4A /* YKHomeInformationViewController.h */ = {isa = PBXFileReference; fileEncoding = 4; lastKnownFileType = sourcecode.c.h; path = YKHomeInformationViewController.h; sourceTree = "<group>"; };
		F4423AF01E9DCC6F004E3E4A /* YKHomeInformationViewController.m */ = {isa = PBXFileReference; fileEncoding = 4; lastKnownFileType = sourcecode.c.objc; path = YKHomeInformationViewController.m; sourceTree = "<group>"; };
		F4423AF51E9DCC6F004E3E4A /* YKHomeKefuViewController.h */ = {isa = PBXFileReference; fileEncoding = 4; lastKnownFileType = sourcecode.c.h; path = YKHomeKefuViewController.h; sourceTree = "<group>"; };
		F4423AF61E9DCC6F004E3E4A /* YKHomeKefuViewController.m */ = {isa = PBXFileReference; fileEncoding = 4; lastKnownFileType = sourcecode.c.objc; path = YKHomeKefuViewController.m; sourceTree = "<group>"; };
		F4423AFB1E9DCC6F004E3E4A /* YKHomeSettingViewController.h */ = {isa = PBXFileReference; fileEncoding = 4; lastKnownFileType = sourcecode.c.h; path = YKHomeSettingViewController.h; sourceTree = "<group>"; };
		F4423AFC1E9DCC6F004E3E4A /* YKHomeSettingViewController.m */ = {isa = PBXFileReference; fileEncoding = 4; lastKnownFileType = sourcecode.c.objc; path = YKHomeSettingViewController.m; sourceTree = "<group>"; };
		F4423AFF1E9DCC6F004E3E4A /* YKHomeMeViewController.h */ = {isa = PBXFileReference; fileEncoding = 4; lastKnownFileType = sourcecode.c.h; path = YKHomeMeViewController.h; sourceTree = "<group>"; };
		F4423B001E9DCC6F004E3E4A /* YKHomeMeViewController.m */ = {isa = PBXFileReference; fileEncoding = 4; lastKnownFileType = sourcecode.c.objc; path = YKHomeMeViewController.m; sourceTree = "<group>"; };
		F4423B051E9DCF74004E3E4A /* YKInforTableViewCell.h */ = {isa = PBXFileReference; fileEncoding = 4; lastKnownFileType = sourcecode.c.h; path = YKInforTableViewCell.h; sourceTree = "<group>"; };
		F4423B061E9DCF74004E3E4A /* YKInforTableViewCell.m */ = {isa = PBXFileReference; fileEncoding = 4; lastKnownFileType = sourcecode.c.objc; path = YKInforTableViewCell.m; sourceTree = "<group>"; };
		F4423B081E9DFF9F004E3E4A /* YKSettingTableViewCell.h */ = {isa = PBXFileReference; fileEncoding = 4; lastKnownFileType = sourcecode.c.h; path = YKSettingTableViewCell.h; sourceTree = "<group>"; };
		F4423B091E9DFF9F004E3E4A /* YKSettingTableViewCell.m */ = {isa = PBXFileReference; fileEncoding = 4; lastKnownFileType = sourcecode.c.objc; path = YKSettingTableViewCell.m; sourceTree = "<group>"; };
		F4423B0E1E9E07FA004E3E4A /* YKMaskViewController.h */ = {isa = PBXFileReference; fileEncoding = 4; lastKnownFileType = sourcecode.c.h; path = YKMaskViewController.h; sourceTree = "<group>"; };
		F4423B0F1E9E07FA004E3E4A /* YKMaskViewController.m */ = {isa = PBXFileReference; fileEncoding = 4; lastKnownFileType = sourcecode.c.objc; path = YKMaskViewController.m; sourceTree = "<group>"; };
		F4423B111E9E0FF0004E3E4A /* YKMaskTableViewCell.h */ = {isa = PBXFileReference; fileEncoding = 4; lastKnownFileType = sourcecode.c.h; path = YKMaskTableViewCell.h; sourceTree = "<group>"; };
		F4423B121E9E0FF0004E3E4A /* YKMaskTableViewCell.m */ = {isa = PBXFileReference; fileEncoding = 4; lastKnownFileType = sourcecode.c.objc; path = YKMaskTableViewCell.m; sourceTree = "<group>"; };
		F4423B141E9E2386004E3E4A /* YKAbutViewController.h */ = {isa = PBXFileReference; fileEncoding = 4; lastKnownFileType = sourcecode.c.h; path = YKAbutViewController.h; sourceTree = "<group>"; };
		F4423B151E9E2386004E3E4A /* YKAbutViewController.m */ = {isa = PBXFileReference; fileEncoding = 4; lastKnownFileType = sourcecode.c.objc; path = YKAbutViewController.m; sourceTree = "<group>"; };
		F4423B191E9E29A9004E3E4A /* YKAboutTableViewCell.h */ = {isa = PBXFileReference; fileEncoding = 4; lastKnownFileType = sourcecode.c.h; path = YKAboutTableViewCell.h; sourceTree = "<group>"; };
		F4423B1A1E9E29A9004E3E4A /* YKAboutTableViewCell.m */ = {isa = PBXFileReference; fileEncoding = 4; lastKnownFileType = sourcecode.c.objc; path = YKAboutTableViewCell.m; sourceTree = "<group>"; };
		F4423B1C1E9F16F5004E3E4A /* UILabel+Addition.h */ = {isa = PBXFileReference; fileEncoding = 4; lastKnownFileType = sourcecode.c.h; path = "UILabel+Addition.h"; sourceTree = "<group>"; };
		F4423B1D1E9F16F5004E3E4A /* UILabel+Addition.m */ = {isa = PBXFileReference; fileEncoding = 4; lastKnownFileType = sourcecode.c.objc; path = "UILabel+Addition.m"; sourceTree = "<group>"; };
		F4BBFA911E9642D800043CEA /* TicketApp.app */ = {isa = PBXFileReference; explicitFileType = wrapper.application; includeInIndex = 0; path = TicketApp.app; sourceTree = BUILT_PRODUCTS_DIR; };
		F4BBFA951E9642D800043CEA /* main.m */ = {isa = PBXFileReference; lastKnownFileType = sourcecode.c.objc; path = main.m; sourceTree = "<group>"; };
		F4BBFA971E9642D800043CEA /* AppDelegate.h */ = {isa = PBXFileReference; lastKnownFileType = sourcecode.c.h; path = AppDelegate.h; sourceTree = "<group>"; };
		F4BBFA981E9642D800043CEA /* AppDelegate.m */ = {isa = PBXFileReference; lastKnownFileType = sourcecode.c.objc; path = AppDelegate.m; sourceTree = "<group>"; };
		F4BBFAA01E9642D800043CEA /* Assets.xcassets */ = {isa = PBXFileReference; lastKnownFileType = folder.assetcatalog; path = Assets.xcassets; sourceTree = "<group>"; };
		F4BBFAA31E9642D800043CEA /* Base */ = {isa = PBXFileReference; lastKnownFileType = file.storyboard; name = Base; path = Base.lproj/LaunchScreen.storyboard; sourceTree = "<group>"; };
		F4BBFAA51E9642D800043CEA /* Info.plist */ = {isa = PBXFileReference; lastKnownFileType = text.plist.xml; path = Info.plist; sourceTree = "<group>"; };
/* End PBXFileReference section */

/* Begin PBXFrameworksBuildPhase section */
		F4BBFA8E1E9642D800043CEA /* Frameworks */ = {
			isa = PBXFrameworksBuildPhase;
			buildActionMask = 2147483647;
			files = (
				5FAEA6B536417DB6ECC340A5 /* Pods_TicketApp.framework in Frameworks */,
			);
			runOnlyForDeploymentPostprocessing = 0;
		};
/* End PBXFrameworksBuildPhase section */

/* Begin PBXGroup section */
		63D6487139A073869E801ADC /* Frameworks */ = {
			isa = PBXGroup;
			children = (
				D0CBF5E830A100F7A5EE5515 /* Pods_TicketApp.framework */,
			);
			name = Frameworks;
			sourceTree = "<group>";
		};
		E21DCB9C7F443F29B416344B /* Pods */ = {
			isa = PBXGroup;
			children = (
				2FD23CB1DE8FC5037980DE87 /* Pods-TicketApp.debug.xcconfig */,
				5D871D7907CDE30EF3A1180F /* Pods-TicketApp.release.xcconfig */,
			);
			name = Pods;
			sourceTree = "<group>";
		};
		F44239F21E971DE4004E3E4A /* Main */ = {
			isa = PBXGroup;
			children = (
				F44239F31E971DE4004E3E4A /* TabBarViewController.h */,
				F44239F41E971DE4004E3E4A /* TabBarViewController.m */,
				F44239F51E971DE4004E3E4A /* YKNavController.h */,
				F44239F61E971DE4004E3E4A /* YKNavController.m */,
			);
			path = Main;
			sourceTree = "<group>";
		};
		F44239F91E9720DD004E3E4A /* Category */ = {
			isa = PBXGroup;
			children = (
				F44239FE1E97246B004E3E4A /* CategoryHeader.h */,
				F44239FA1E9720DD004E3E4A /* UIColor+Addtion.h */,
				F44239FB1E9720DD004E3E4A /* UIColor+Addtion.m */,
				F4423AA61E9B21C3004E3E4A /* UIScreen+YKScreenTools.h */,
				F4423AA71E9B21C3004E3E4A /* UIScreen+YKScreenTools.m */,
				F4423B1C1E9F16F5004E3E4A /* UILabel+Addition.h */,
				F4423B1D1E9F16F5004E3E4A /* UILabel+Addition.m */,
			);
			path = Category;
			sourceTree = "<group>";
		};
		F4423A001E972A6E004E3E4A /* Class */ = {
			isa = PBXGroup;
			children = (
				F4423A011E972A6E004E3E4A /* Home */,
				F4423A051E972A6E004E3E4A /* Market */,
				F4423A091E972A6E004E3E4A /* Me */,
			);
			path = Class;
			sourceTree = "<group>";
		};
		F4423A011E972A6E004E3E4A /* Home */ = {
			isa = PBXGroup;
			children = (
				F4423A021E972A6E004E3E4A /* Controller */,
				F4423A031E972A6E004E3E4A /* Model */,
				F4423A041E972A6E004E3E4A /* View */,
			);
			path = Home;
			sourceTree = "<group>";
		};
		F4423A021E972A6E004E3E4A /* Controller */ = {
			isa = PBXGroup;
			children = (
				F4423A0D1E972A9F004E3E4A /* YKHomeViewController.h */,
				F4423A0E1E972A9F004E3E4A /* YKHomeViewController.m */,
				F4423AEC1E9DCC6F004E3E4A /* My */,
			);
			path = Controller;
			sourceTree = "<group>";
		};
		F4423A031E972A6E004E3E4A /* Model */ = {
			isa = PBXGroup;
			children = (
			);
			path = Model;
			sourceTree = "<group>";
		};
		F4423A041E972A6E004E3E4A /* View */ = {
			isa = PBXGroup;
			children = (
				F4423AD91E9DBB7A004E3E4A /* YKHomeMeTableViewCell.h */,
				F4423ADA1E9DBB7A004E3E4A /* YKHomeMeTableViewCell.m */,
			);
			path = View;
			sourceTree = "<group>";
		};
		F4423A051E972A6E004E3E4A /* Market */ = {
			isa = PBXGroup;
			children = (
				F4423A061E972A6E004E3E4A /* Controller */,
				F4423A071E972A6E004E3E4A /* Model */,
				F4423A081E972A6E004E3E4A /* View */,
			);
			path = Market;
			sourceTree = "<group>";
		};
		F4423A061E972A6E004E3E4A /* Controller */ = {
			isa = PBXGroup;
			children = (
				F4423A101E972AB8004E3E4A /* YKMarketViewController.h */,
				F4423A111E972AB8004E3E4A /* YKMarketViewController.m */,
				F4423AB81E9B70AA004E3E4A /* 投资宝 */,
				F4423AB91E9B70B9004E3E4A /* 收益票 */,
				F4423ABD1E9C6911004E3E4A /* 产品详情 */,
			);
			path = Controller;
			sourceTree = "<group>";
		};
		F4423A071E972A6E004E3E4A /* Model */ = {
			isa = PBXGroup;
			children = (
			);
			path = Model;
			sourceTree = "<group>";
		};
		F4423A081E972A6E004E3E4A /* View */ = {
			isa = PBXGroup;
			children = (
				F4423AC11E9C87D2004E3E4A /* 市场cell */,
				F4423AC21E9C87ED004E3E4A /* 投资宝cell */,
				F4423AC31E9C8802004E3E4A /* 收益票cell */,
			);
			path = View;
			sourceTree = "<group>";
		};
		F4423A091E972A6E004E3E4A /* Me */ = {
			isa = PBXGroup;
			children = (
				F4423A0A1E972A6E004E3E4A /* Controller */,
				F4423A0B1E972A6E004E3E4A /* Model */,
				F4423A0C1E972A6E004E3E4A /* View */,
			);
			path = Me;
			sourceTree = "<group>";
		};
		F4423A0A1E972A6E004E3E4A /* Controller */ = {
			isa = PBXGroup;
			children = (
				F4423A131E972ACA004E3E4A /* YKMeViewController.h */,
				F4423A141E972ACA004E3E4A /* YKMeViewController.m */,
			);
			path = Controller;
			sourceTree = "<group>";
		};
		F4423A0B1E972A6E004E3E4A /* Model */ = {
			isa = PBXGroup;
			children = (
			);
			path = Model;
			sourceTree = "<group>";
		};
		F4423A0C1E972A6E004E3E4A /* View */ = {
			isa = PBXGroup;
			children = (
			);
			path = View;
			sourceTree = "<group>";
		};
		F4423A1A1E9769A9004E3E4A /* Tools */ = {
			isa = PBXGroup;
			children = (
				F4423A261E977EB0004E3E4A /* DataTool */,
				F4423A221E977E78004E3E4A /* NetWorkTool */,
				F4423A271E977EB0004E3E4A /* Lib */,
			);
			path = Tools;
			sourceTree = "<group>";
		};
		F4423A1E1E977481004E3E4A /* Login */ = {
			isa = PBXGroup;
			children = (
				F4423A1F1E9774A0004E3E4A /* YKLoginViewController.h */,
				F4423A201E9774A0004E3E4A /* YKLoginViewController.m */,
			);
			path = Login;
			sourceTree = "<group>";
		};
		F4423A221E977E78004E3E4A /* NetWorkTool */ = {
			isa = PBXGroup;
			children = (
				F4423A231E977E78004E3E4A /* YKNetWorkManager.h */,
				F4423A241E977E78004E3E4A /* YKNetWorkManager.m */,
			);
			path = NetWorkTool;
			sourceTree = "<group>";
		};
		F4423A261E977EB0004E3E4A /* DataTool */ = {
			isa = PBXGroup;
			children = (
			);
			path = DataTool;
			sourceTree = "<group>";
		};
		F4423A271E977EB0004E3E4A /* Lib */ = {
			isa = PBXGroup;
			children = (
				F4423A281E97816D004E3E4A /* SDCycleScrollView */,
			);
			path = Lib;
			sourceTree = "<group>";
		};
		F4423A281E97816D004E3E4A /* SDCycleScrollView */ = {
			isa = PBXGroup;
			children = (
				F4423A291E97816D004E3E4A /* PageControl */,
				F4423A321E97816D004E3E4A /* SDCollectionViewCell.h */,
				F4423A331E97816D004E3E4A /* SDCollectionViewCell.m */,
				F4423A341E97816D004E3E4A /* SDCycleScrollView.h */,
				F4423A351E97816D004E3E4A /* SDCycleScrollView.m */,
				F4423A361E97816D004E3E4A /* UIView+SDExtension.h */,
				F4423A371E97816D004E3E4A /* UIView+SDExtension.m */,
			);
			path = SDCycleScrollView;
			sourceTree = "<group>";
		};
		F4423A291E97816D004E3E4A /* PageControl */ = {
			isa = PBXGroup;
			children = (
				F4423A2A1E97816D004E3E4A /* TAAbstractDotView.h */,
				F4423A2B1E97816D004E3E4A /* TAAbstractDotView.m */,
				F4423A2C1E97816D004E3E4A /* TAAnimatedDotView.h */,
				F4423A2D1E97816D004E3E4A /* TAAnimatedDotView.m */,
				F4423A2E1E97816D004E3E4A /* TADotView.h */,
				F4423A2F1E97816D004E3E4A /* TADotView.m */,
				F4423A301E97816D004E3E4A /* TAPageControl.h */,
				F4423A311E97816D004E3E4A /* TAPageControl.m */,
			);
			path = PageControl;
			sourceTree = "<group>";
		};
		F4423AB81E9B70AA004E3E4A /* 投资宝 */ = {
			isa = PBXGroup;
			children = (
				F4423AAF1E9B5FE4004E3E4A /* YKInvestViewController.h */,
				F4423AB01E9B5FE4004E3E4A /* YKInvestViewController.m */,
			);
			name = "投资宝";
			sourceTree = "<group>";
		};
		F4423AB91E9B70B9004E3E4A /* 收益票 */ = {
			isa = PBXGroup;
			children = (
				F4423AB21E9B5FF4004E3E4A /* YKIncomeViewController.h */,
				F4423AB31E9B5FF4004E3E4A /* YKIncomeViewController.m */,
			);
			name = "收益票";
			sourceTree = "<group>";
		};
		F4423ABD1E9C6911004E3E4A /* 产品详情 */ = {
			isa = PBXGroup;
			children = (
				F4423ABA1E9C690C004E3E4A /* YKDetailViewController.h */,
				F4423ABB1E9C690C004E3E4A /* YKDetailViewController.m */,
			);
			name = "产品详情";
			sourceTree = "<group>";
		};
		F4423AC11E9C87D2004E3E4A /* 市场cell */ = {
			isa = PBXGroup;
			children = (
				F4423A3F1E978396004E3E4A /* YKMarketTableViewCell.h */,
				F4423A401E978396004E3E4A /* YKMarketTableViewCell.m */,
			);
			name = "市场cell";
			sourceTree = "<group>";
		};
		F4423AC21E9C87ED004E3E4A /* 投资宝cell */ = {
			isa = PBXGroup;
			children = (
				F4423AB51E9B709C004E3E4A /* YKInvestTableViewCell.h */,
				F4423AB61E9B709C004E3E4A /* YKInvestTableViewCell.m */,
			);
			name = "投资宝cell";
			sourceTree = "<group>";
		};
		F4423AC31E9C8802004E3E4A /* 收益票cell */ = {
			isa = PBXGroup;
			children = (
				F4423ABE1E9C7C40004E3E4A /* YKIncomeTableViewCell.h */,
				F4423ABF1E9C7C40004E3E4A /* YKIncomeTableViewCell.m */,
			);
			name = "收益票cell";
			sourceTree = "<group>";
		};
		F4423AEC1E9DCC6F004E3E4A /* My */ = {
			isa = PBXGroup;
			children = (
				F4423AFF1E9DCC6F004E3E4A /* YKHomeMeViewController.h */,
				F4423B001E9DCC6F004E3E4A /* YKHomeMeViewController.m */,
				F4423AED1E9DCC6F004E3E4A /* Information */,
				F4423AF31E9DCC6F004E3E4A /* Kefu */,
				F4423AF91E9DCC6F004E3E4A /* Setting */,
			);
			path = My;
			sourceTree = "<group>";
		};
		F4423AED1E9DCC6F004E3E4A /* Information */ = {
			isa = PBXGroup;
			children = (
				F4423AEE1E9DCC6F004E3E4A /* Controller */,
				F4423AF11E9DCC6F004E3E4A /* Model */,
				F4423AF21E9DCC6F004E3E4A /* View */,
			);
			path = Information;
			sourceTree = "<group>";
		};
		F4423AEE1E9DCC6F004E3E4A /* Controller */ = {
			isa = PBXGroup;
			children = (
				F4423AEF1E9DCC6F004E3E4A /* YKHomeInformationViewController.h */,
				F4423AF01E9DCC6F004E3E4A /* YKHomeInformationViewController.m */,
			);
			path = Controller;
			sourceTree = "<group>";
		};
		F4423AF11E9DCC6F004E3E4A /* Model */ = {
			isa = PBXGroup;
			children = (
			);
			path = Model;
			sourceTree = "<group>";
		};
		F4423AF21E9DCC6F004E3E4A /* View */ = {
			isa = PBXGroup;
			children = (
				F4423B051E9DCF74004E3E4A /* YKInforTableViewCell.h */,
				F4423B061E9DCF74004E3E4A /* YKInforTableViewCell.m */,
			);
			path = View;
			sourceTree = "<group>";
		};
		F4423AF31E9DCC6F004E3E4A /* Kefu */ = {
			isa = PBXGroup;
			children = (
				F4423AF41E9DCC6F004E3E4A /* Controller */,
				F4423AF71E9DCC6F004E3E4A /* Model */,
				F4423AF81E9DCC6F004E3E4A /* View */,
			);
			path = Kefu;
			sourceTree = "<group>";
		};
		F4423AF41E9DCC6F004E3E4A /* Controller */ = {
			isa = PBXGroup;
			children = (
				F4423AF51E9DCC6F004E3E4A /* YKHomeKefuViewController.h */,
				F4423AF61E9DCC6F004E3E4A /* YKHomeKefuViewController.m */,
			);
			path = Controller;
			sourceTree = "<group>";
		};
		F4423AF71E9DCC6F004E3E4A /* Model */ = {
			isa = PBXGroup;
			children = (
			);
			path = Model;
			sourceTree = "<group>";
		};
		F4423AF81E9DCC6F004E3E4A /* View */ = {
			isa = PBXGroup;
			children = (
			);
			path = View;
			sourceTree = "<group>";
		};
		F4423AF91E9DCC6F004E3E4A /* Setting */ = {
			isa = PBXGroup;
			children = (
				F4423AFA1E9DCC6F004E3E4A /* Controller */,
				F4423AFD1E9DCC6F004E3E4A /* Model */,
				F4423AFE1E9DCC6F004E3E4A /* View */,
			);
			path = Setting;
			sourceTree = "<group>";
		};
		F4423AFA1E9DCC6F004E3E4A /* Controller */ = {
			isa = PBXGroup;
			children = (
				F4423AFB1E9DCC6F004E3E4A /* YKHomeSettingViewController.h */,
				F4423AFC1E9DCC6F004E3E4A /* YKHomeSettingViewController.m */,
				F4423B181E9E25A7004E3E4A /* 刷新频率 */,
				F4423B171E9E2593004E3E4A /* 关于 */,
			);
			path = Controller;
			sourceTree = "<group>";
		};
		F4423AFD1E9DCC6F004E3E4A /* Model */ = {
			isa = PBXGroup;
			children = (
			);
			path = Model;
			sourceTree = "<group>";
		};
		F4423AFE1E9DCC6F004E3E4A /* View */ = {
			isa = PBXGroup;
			children = (
				F4423B081E9DFF9F004E3E4A /* YKSettingTableViewCell.h */,
				F4423B091E9DFF9F004E3E4A /* YKSettingTableViewCell.m */,
				F4423B111E9E0FF0004E3E4A /* YKMaskTableViewCell.h */,
				F4423B121E9E0FF0004E3E4A /* YKMaskTableViewCell.m */,
				F4423B191E9E29A9004E3E4A /* YKAboutTableViewCell.h */,
				F4423B1A1E9E29A9004E3E4A /* YKAboutTableViewCell.m */,
			);
			path = View;
			sourceTree = "<group>";
		};
		F4423B171E9E2593004E3E4A /* 关于 */ = {
			isa = PBXGroup;
			children = (
				F4423B141E9E2386004E3E4A /* YKAbutViewController.h */,
				F4423B151E9E2386004E3E4A /* YKAbutViewController.m */,
			);
			name = "关于";
			sourceTree = "<group>";
		};
		F4423B181E9E25A7004E3E4A /* 刷新频率 */ = {
			isa = PBXGroup;
			children = (
				F4423B0E1E9E07FA004E3E4A /* YKMaskViewController.h */,
				F4423B0F1E9E07FA004E3E4A /* YKMaskViewController.m */,
			);
			name = "刷新频率";
			sourceTree = "<group>";
		};
		F4BBFA881E9642D800043CEA = {
			isa = PBXGroup;
			children = (
				F4BBFA931E9642D800043CEA /* TicketApp */,
				F4BBFA921E9642D800043CEA /* Products */,
				E21DCB9C7F443F29B416344B /* Pods */,
				63D6487139A073869E801ADC /* Frameworks */,
			);
			sourceTree = "<group>";
		};
		F4BBFA921E9642D800043CEA /* Products */ = {
			isa = PBXGroup;
			children = (
				F4BBFA911E9642D800043CEA /* TicketApp.app */,
			);
			name = Products;
			sourceTree = "<group>";
		};
		F4BBFA931E9642D800043CEA /* TicketApp */ = {
			isa = PBXGroup;
			children = (
				F4BBFA971E9642D800043CEA /* AppDelegate.h */,
				F4BBFA981E9642D800043CEA /* AppDelegate.m */,
				F4423A1A1E9769A9004E3E4A /* Tools */,
				F44239F91E9720DD004E3E4A /* Category */,
				F44239F21E971DE4004E3E4A /* Main */,
				F4423A1E1E977481004E3E4A /* Login */,
				F4423A001E972A6E004E3E4A /* Class */,
				F4BBFA941E9642D800043CEA /* Supporting Files */,
			);
			path = TicketApp;
			sourceTree = "<group>";
		};
		F4BBFA941E9642D800043CEA /* Supporting Files */ = {
			isa = PBXGroup;
			children = (
				F4BBFAA01E9642D800043CEA /* Assets.xcassets */,
				F4BBFAA21E9642D800043CEA /* LaunchScreen.storyboard */,
				F4BBFAA51E9642D800043CEA /* Info.plist */,
				F4BBFA951E9642D800043CEA /* main.m */,
				F44239FF1E972814004E3E4A /* PrefixHeader.pch */,
			);
			name = "Supporting Files";
			sourceTree = "<group>";
		};
/* End PBXGroup section */

/* Begin PBXNativeTarget section */
		F4BBFA901E9642D800043CEA /* TicketApp */ = {
			isa = PBXNativeTarget;
			buildConfigurationList = F4BBFAA81E9642D800043CEA /* Build configuration list for PBXNativeTarget "TicketApp" */;
			buildPhases = (
				4CAED305F4FF12AA167C52BD /* [CP] Check Pods Manifest.lock */,
				F4BBFA8D1E9642D800043CEA /* Sources */,
				F4BBFA8E1E9642D800043CEA /* Frameworks */,
				F4BBFA8F1E9642D800043CEA /* Resources */,
				2AFBF0BC241BFC215C01CBC3 /* [CP] Embed Pods Frameworks */,
				1214FB50AB1C45347C7ABDE4 /* [CP] Copy Pods Resources */,
			);
			buildRules = (
			);
			dependencies = (
			);
			name = TicketApp;
			productName = TicketApp;
			productReference = F4BBFA911E9642D800043CEA /* TicketApp.app */;
			productType = "com.apple.product-type.application";
		};
/* End PBXNativeTarget section */

/* Begin PBXProject section */
		F4BBFA891E9642D800043CEA /* Project object */ = {
			isa = PBXProject;
			attributes = {
				CLASSPREFIX = YK;
				LastUpgradeCheck = 0830;
				ORGANIZATIONNAME = hangzhouzhulongkeji;
				TargetAttributes = {
					F4BBFA901E9642D800043CEA = {
						CreatedOnToolsVersion = 8.3;
						DevelopmentTeam = DHBXPM53W4;
						ProvisioningStyle = Automatic;
					};
				};
			};
			buildConfigurationList = F4BBFA8C1E9642D800043CEA /* Build configuration list for PBXProject "TicketApp" */;
			compatibilityVersion = "Xcode 3.2";
			developmentRegion = English;
			hasScannedForEncodings = 0;
			knownRegions = (
				en,
				Base,
			);
			mainGroup = F4BBFA881E9642D800043CEA;
			productRefGroup = F4BBFA921E9642D800043CEA /* Products */;
			projectDirPath = "";
			projectRoot = "";
			targets = (
				F4BBFA901E9642D800043CEA /* TicketApp */,
			);
		};
/* End PBXProject section */

/* Begin PBXResourcesBuildPhase section */
		F4BBFA8F1E9642D800043CEA /* Resources */ = {
			isa = PBXResourcesBuildPhase;
			buildActionMask = 2147483647;
			files = (
				F4BBFAA41E9642D800043CEA /* LaunchScreen.storyboard in Resources */,
				F4BBFAA11E9642D800043CEA /* Assets.xcassets in Resources */,
			);
			runOnlyForDeploymentPostprocessing = 0;
		};
/* End PBXResourcesBuildPhase section */

/* Begin PBXShellScriptBuildPhase section */
		1214FB50AB1C45347C7ABDE4 /* [CP] Copy Pods Resources */ = {
			isa = PBXShellScriptBuildPhase;
			buildActionMask = 2147483647;
			files = (
			);
			inputPaths = (
			);
			name = "[CP] Copy Pods Resources";
			outputPaths = (
			);
			runOnlyForDeploymentPostprocessing = 0;
			shellPath = /bin/sh;
			shellScript = "\"${SRCROOT}/Pods/Target Support Files/Pods-TicketApp/Pods-TicketApp-resources.sh\"\n";
			showEnvVarsInLog = 0;
		};
		2AFBF0BC241BFC215C01CBC3 /* [CP] Embed Pods Frameworks */ = {
			isa = PBXShellScriptBuildPhase;
			buildActionMask = 2147483647;
			files = (
			);
			inputPaths = (
			);
			name = "[CP] Embed Pods Frameworks";
			outputPaths = (
			);
			runOnlyForDeploymentPostprocessing = 0;
			shellPath = /bin/sh;
			shellScript = "\"${SRCROOT}/Pods/Target Support Files/Pods-TicketApp/Pods-TicketApp-frameworks.sh\"\n";
			showEnvVarsInLog = 0;
		};
		4CAED305F4FF12AA167C52BD /* [CP] Check Pods Manifest.lock */ = {
			isa = PBXShellScriptBuildPhase;
			buildActionMask = 2147483647;
			files = (
			);
			inputPaths = (
			);
			name = "[CP] Check Pods Manifest.lock";
			outputPaths = (
			);
			runOnlyForDeploymentPostprocessing = 0;
			shellPath = /bin/sh;
			shellScript = "diff \"${PODS_ROOT}/../Podfile.lock\" \"${PODS_ROOT}/Manifest.lock\" > /dev/null\nif [ $? != 0 ] ; then\n    # print error to STDERR\n    echo \"error: The sandbox is not in sync with the Podfile.lock. Run 'pod install' or update your CocoaPods installation.\" >&2\n    exit 1\nfi\n";
			showEnvVarsInLog = 0;
		};
/* End PBXShellScriptBuildPhase section */

/* Begin PBXSourcesBuildPhase section */
		F4BBFA8D1E9642D800043CEA /* Sources */ = {
			isa = PBXSourcesBuildPhase;
			buildActionMask = 2147483647;
			files = (
				F4423B011E9DCC6F004E3E4A /* YKHomeInformationViewController.m in Sources */,
				F4423A251E977E78004E3E4A /* YKNetWorkManager.m in Sources */,
				F4423B071E9DCF74004E3E4A /* YKInforTableViewCell.m in Sources */,
				F4423B031E9DCC6F004E3E4A /* YKHomeSettingViewController.m in Sources */,
				F4423A3A1E97816D004E3E4A /* TADotView.m in Sources */,
				F4BBFA991E9642D800043CEA /* AppDelegate.m in Sources */,
				F4423A0F1E972A9F004E3E4A /* YKHomeViewController.m in Sources */,
				F4423AC01E9C7C41004E3E4A /* YKIncomeTableViewCell.m in Sources */,
				F4423ABC1E9C690C004E3E4A /* YKDetailViewController.m in Sources */,
				F4423A381E97816D004E3E4A /* TAAbstractDotView.m in Sources */,
				F4423A211E9774A0004E3E4A /* YKLoginViewController.m in Sources */,
				F44239FC1E9720DD004E3E4A /* UIColor+Addtion.m in Sources */,
				F4423B0A1E9DFF9F004E3E4A /* YKSettingTableViewCell.m in Sources */,
				F4423A411E978396004E3E4A /* YKMarketTableViewCell.m in Sources */,
				F4423AA81E9B21C3004E3E4A /* UIScreen+YKScreenTools.m in Sources */,
				F4423A3B1E97816D004E3E4A /* TAPageControl.m in Sources */,
				F4423ADB1E9DBB7A004E3E4A /* YKHomeMeTableViewCell.m in Sources */,
				F4423A3C1E97816D004E3E4A /* SDCollectionViewCell.m in Sources */,
				F4423B041E9DCC6F004E3E4A /* YKHomeMeViewController.m in Sources */,
				F44239F81E971DE4004E3E4A /* YKNavController.m in Sources */,
				F4423AB71E9B709C004E3E4A /* YKInvestTableViewCell.m in Sources */,
				F4423A151E972ACA004E3E4A /* YKMeViewController.m in Sources */,
				F4423B1B1E9E29A9004E3E4A /* YKAboutTableViewCell.m in Sources */,
				F4423B021E9DCC6F004E3E4A /* YKHomeKefuViewController.m in Sources */,
				F4423B131E9E0FF0004E3E4A /* YKMaskTableViewCell.m in Sources */,
				F4423B101E9E07FA004E3E4A /* YKMaskViewController.m in Sources */,
				F4423B1E1E9F16F5004E3E4A /* UILabel+Addition.m in Sources */,
				F4423A391E97816D004E3E4A /* TAAnimatedDotView.m in Sources */,
				F44239F71E971DE4004E3E4A /* TabBarViewController.m in Sources */,
				F4423AB11E9B5FE4004E3E4A /* YKInvestViewController.m in Sources */,
				F4423B161E9E2386004E3E4A /* YKAbutViewController.m in Sources */,
				F4BBFA961E9642D800043CEA /* main.m in Sources */,
				F4423A121E972AB8004E3E4A /* YKMarketViewController.m in Sources */,
				F4423AB41E9B5FF4004E3E4A /* YKIncomeViewController.m in Sources */,
				F4423A3E1E97816D004E3E4A /* UIView+SDExtension.m in Sources */,
				F4423A3D1E97816D004E3E4A /* SDCycleScrollView.m in Sources */,
			);
			runOnlyForDeploymentPostprocessing = 0;
		};
/* End PBXSourcesBuildPhase section */

/* Begin PBXVariantGroup section */
		F4BBFAA21E9642D800043CEA /* LaunchScreen.storyboard */ = {
			isa = PBXVariantGroup;
			children = (
				F4BBFAA31E9642D800043CEA /* Base */,
			);
			name = LaunchScreen.storyboard;
			sourceTree = "<group>";
		};
/* End PBXVariantGroup section */

/* Begin XCBuildConfiguration section */
		F4BBFAA61E9642D800043CEA /* Debug */ = {
			isa = XCBuildConfiguration;
			buildSettings = {
				ALWAYS_SEARCH_USER_PATHS = NO;
				CLANG_ANALYZER_NONNULL = YES;
				CLANG_ANALYZER_NUMBER_OBJECT_CONVERSION = YES_AGGRESSIVE;
				CLANG_CXX_LANGUAGE_STANDARD = "gnu++0x";
				CLANG_CXX_LIBRARY = "libc++";
				CLANG_ENABLE_MODULES = YES;
				CLANG_ENABLE_OBJC_ARC = YES;
				CLANG_WARN_BOOL_CONVERSION = YES;
				CLANG_WARN_CONSTANT_CONVERSION = YES;
				CLANG_WARN_DIRECT_OBJC_ISA_USAGE = YES_ERROR;
				CLANG_WARN_DOCUMENTATION_COMMENTS = YES;
				CLANG_WARN_EMPTY_BODY = YES;
				CLANG_WARN_ENUM_CONVERSION = YES;
				CLANG_WARN_INFINITE_RECURSION = YES;
				CLANG_WARN_INT_CONVERSION = YES;
				CLANG_WARN_OBJC_ROOT_CLASS = YES_ERROR;
				CLANG_WARN_SUSPICIOUS_MOVE = YES;
				CLANG_WARN_UNREACHABLE_CODE = YES;
				CLANG_WARN__DUPLICATE_METHOD_MATCH = YES;
				"CODE_SIGN_IDENTITY[sdk=iphoneos*]" = "iPhone Developer";
				COPY_PHASE_STRIP = NO;
				DEBUG_INFORMATION_FORMAT = dwarf;
				ENABLE_STRICT_OBJC_MSGSEND = YES;
				ENABLE_TESTABILITY = YES;
				GCC_C_LANGUAGE_STANDARD = gnu99;
				GCC_DYNAMIC_NO_PIC = NO;
				GCC_NO_COMMON_BLOCKS = YES;
				GCC_OPTIMIZATION_LEVEL = 0;
				GCC_PREPROCESSOR_DEFINITIONS = (
					"DEBUG=1",
					"$(inherited)",
				);
				GCC_WARN_64_TO_32_BIT_CONVERSION = YES;
				GCC_WARN_ABOUT_RETURN_TYPE = YES_ERROR;
				GCC_WARN_UNDECLARED_SELECTOR = YES;
				GCC_WARN_UNINITIALIZED_AUTOS = YES_AGGRESSIVE;
				GCC_WARN_UNUSED_FUNCTION = YES;
				GCC_WARN_UNUSED_VARIABLE = YES;
				IPHONEOS_DEPLOYMENT_TARGET = 10.3;
				MTL_ENABLE_DEBUG_INFO = YES;
				ONLY_ACTIVE_ARCH = YES;
				SDKROOT = iphoneos;
				TARGETED_DEVICE_FAMILY = "1,2";
			};
			name = Debug;
		};
		F4BBFAA71E9642D800043CEA /* Release */ = {
			isa = XCBuildConfiguration;
			buildSettings = {
				ALWAYS_SEARCH_USER_PATHS = NO;
				CLANG_ANALYZER_NONNULL = YES;
				CLANG_ANALYZER_NUMBER_OBJECT_CONVERSION = YES_AGGRESSIVE;
				CLANG_CXX_LANGUAGE_STANDARD = "gnu++0x";
				CLANG_CXX_LIBRARY = "libc++";
				CLANG_ENABLE_MODULES = YES;
				CLANG_ENABLE_OBJC_ARC = YES;
				CLANG_WARN_BOOL_CONVERSION = YES;
				CLANG_WARN_CONSTANT_CONVERSION = YES;
				CLANG_WARN_DIRECT_OBJC_ISA_USAGE = YES_ERROR;
				CLANG_WARN_DOCUMENTATION_COMMENTS = YES;
				CLANG_WARN_EMPTY_BODY = YES;
				CLANG_WARN_ENUM_CONVERSION = YES;
				CLANG_WARN_INFINITE_RECURSION = YES;
				CLANG_WARN_INT_CONVERSION = YES;
				CLANG_WARN_OBJC_ROOT_CLASS = YES_ERROR;
				CLANG_WARN_SUSPICIOUS_MOVE = YES;
				CLANG_WARN_UNREACHABLE_CODE = YES;
				CLANG_WARN__DUPLICATE_METHOD_MATCH = YES;
				"CODE_SIGN_IDENTITY[sdk=iphoneos*]" = "iPhone Developer";
				COPY_PHASE_STRIP = NO;
				DEBUG_INFORMATION_FORMAT = "dwarf-with-dsym";
				ENABLE_NS_ASSERTIONS = NO;
				ENABLE_STRICT_OBJC_MSGSEND = YES;
				GCC_C_LANGUAGE_STANDARD = gnu99;
				GCC_NO_COMMON_BLOCKS = YES;
				GCC_WARN_64_TO_32_BIT_CONVERSION = YES;
				GCC_WARN_ABOUT_RETURN_TYPE = YES_ERROR;
				GCC_WARN_UNDECLARED_SELECTOR = YES;
				GCC_WARN_UNINITIALIZED_AUTOS = YES_AGGRESSIVE;
				GCC_WARN_UNUSED_FUNCTION = YES;
				GCC_WARN_UNUSED_VARIABLE = YES;
				IPHONEOS_DEPLOYMENT_TARGET = 10.3;
				MTL_ENABLE_DEBUG_INFO = NO;
				SDKROOT = iphoneos;
				TARGETED_DEVICE_FAMILY = "1,2";
				VALIDATE_PRODUCT = YES;
			};
			name = Release;
		};
		F4BBFAA91E9642D800043CEA /* Debug */ = {
			isa = XCBuildConfiguration;
			baseConfigurationReference = 2FD23CB1DE8FC5037980DE87 /* Pods-TicketApp.debug.xcconfig */;
			buildSettings = {
				ASSETCATALOG_COMPILER_APPICON_NAME = AppIcon;
				DEVELOPMENT_TEAM = DHBXPM53W4;
				GCC_PRECOMPILE_PREFIX_HEADER = YES;
				GCC_PREFIX_HEADER = "$(SRCROOT)/TicketApp/PrefixHeader.pch";
				INFOPLIST_FILE = TicketApp/Info.plist;
				IPHONEOS_DEPLOYMENT_TARGET = 8.0;
				LD_RUNPATH_SEARCH_PATHS = "$(inherited) @executable_path/Frameworks";
				PRODUCT_BUNDLE_IDENTIFIER = com.ubangwang.TicketApp;
				PRODUCT_NAME = "$(TARGET_NAME)";
				TARGETED_DEVICE_FAMILY = 1;
			};
			name = Debug;
		};
		F4BBFAAA1E9642D800043CEA /* Release */ = {
			isa = XCBuildConfiguration;
			baseConfigurationReference = 5D871D7907CDE30EF3A1180F /* Pods-TicketApp.release.xcconfig */;
			buildSettings = {
				ASSETCATALOG_COMPILER_APPICON_NAME = AppIcon;
				DEVELOPMENT_TEAM = DHBXPM53W4;
				GCC_PRECOMPILE_PREFIX_HEADER = YES;
				GCC_PREFIX_HEADER = "$(SRCROOT)/TicketApp/PrefixHeader.pch";
				INFOPLIST_FILE = TicketApp/Info.plist;
				IPHONEOS_DEPLOYMENT_TARGET = 8.0;
				LD_RUNPATH_SEARCH_PATHS = "$(inherited) @executable_path/Frameworks";
				PRODUCT_BUNDLE_IDENTIFIER = com.ubangwang.TicketApp;
				PRODUCT_NAME = "$(TARGET_NAME)";
				TARGETED_DEVICE_FAMILY = 1;
			};
			name = Release;
		};
/* End XCBuildConfiguration section */

/* Begin XCConfigurationList section */
		F4BBFA8C1E9642D800043CEA /* Build configuration list for PBXProject "TicketApp" */ = {
			isa = XCConfigurationList;
			buildConfigurations = (
				F4BBFAA61E9642D800043CEA /* Debug */,
				F4BBFAA71E9642D800043CEA /* Release */,
			);
			defaultConfigurationIsVisible = 0;
			defaultConfigurationName = Release;
		};
		F4BBFAA81E9642D800043CEA /* Build configuration list for PBXNativeTarget "TicketApp" */ = {
			isa = XCConfigurationList;
			buildConfigurations = (
				F4BBFAA91E9642D800043CEA /* Debug */,
				F4BBFAAA1E9642D800043CEA /* Release */,
			);
			defaultConfigurationIsVisible = 0;
			defaultConfigurationName = Release;
		};
/* End XCConfigurationList section */
	};
	rootObject = F4BBFA891E9642D800043CEA /* Project object */;
}
