// !$*UTF8*$!
{
	archiveVersion = 1;
	classes = {
	};
	objectVersion = 46;
	objects = {

/* Begin PBXBuildFile section */
		5FAEA6B536417DB6ECC340A5 /* Pods_TicketApp.framework in Frameworks */ = {isa = PBXBuildFile; fileRef = D0CBF5E830A100F7A5EE5515 /* Pods_TicketApp.framework */; };
		F44239F71E971DE4004E3E4A /* TabBarViewController.m in Sources */ = {isa = PBXBuildFile; fileRef = F44239F41E971DE4004E3E4A /* TabBarViewController.m */; };
		F44239F81E971DE4004E3E4A /* YKNavController.m in Sources */ = {isa = PBXBuildFile; fileRef = F44239F61E971DE4004E3E4A /* YKNavController.m */; };
		F44239FC1E9720DD004E3E4A /* UIColor+Addtion.m in Sources */ = {isa = PBXBuildFile; fileRef = F44239FB1E9720DD004E3E4A /* UIColor+Addtion.m */; };
		F4423A0F1E972A9F004E3E4A /* YKHomeViewController.m in Sources */ = {isa = PBXBuildFile; fileRef = F4423A0E1E972A9F004E3E4A /* YKHomeViewController.m */; };
		F4423A121E972AB8004E3E4A /* YKMarketViewController.m in Sources */ = {isa = PBXBuildFile; fileRef = F4423A111E972AB8004E3E4A /* YKMarketViewController.m */; };
		F4423A151E972ACA004E3E4A /* YKMeViewController.m in Sources */ = {isa = PBXBuildFile; fileRef = F4423A141E972ACA004E3E4A /* YKMeViewController.m */; };
		F4423A1D1E9769A9004E3E4A /* YKNetWorkManager.m in Sources */ = {isa = PBXBuildFile; fileRef = F4423A1C1E9769A9004E3E4A /* YKNetWorkManager.m */; };
		F4BBFA961E9642D800043CEA /* main.m in Sources */ = {isa = PBXBuildFile; fileRef = F4BBFA951E9642D800043CEA /* main.m */; };
		F4BBFA991E9642D800043CEA /* AppDelegate.m in Sources */ = {isa = PBXBuildFile; fileRef = F4BBFA981E9642D800043CEA /* AppDelegate.m */; };
		F4BBFAA11E9642D800043CEA /* Assets.xcassets in Resources */ = {isa = PBXBuildFile; fileRef = F4BBFAA01E9642D800043CEA /* Assets.xcassets */; };
		F4BBFAA41E9642D800043CEA /* LaunchScreen.storyboard in Resources */ = {isa = PBXBuildFile; fileRef = F4BBFAA21E9642D800043CEA /* LaunchScreen.storyboard */; };
/* End PBXBuildFile section */

/* Begin PBXFileReference section */
		2FD23CB1DE8FC5037980DE87 /* Pods-TicketApp.debug.xcconfig */ = {isa = PBXFileReference; includeInIndex = 1; lastKnownFileType = text.xcconfig; name = "Pods-TicketApp.debug.xcconfig"; path = "Pods/Target Support Files/Pods-TicketApp/Pods-TicketApp.debug.xcconfig"; sourceTree = "<group>"; };
		5D871D7907CDE30EF3A1180F /* Pods-TicketApp.release.xcconfig */ = {isa = PBXFileReference; includeInIndex = 1; lastKnownFileType = text.xcconfig; name = "Pods-TicketApp.release.xcconfig"; path = "Pods/Target Support Files/Pods-TicketApp/Pods-TicketApp.release.xcconfig"; sourceTree = "<group>"; };
		D0CBF5E830A100F7A5EE5515 /* Pods_TicketApp.framework */ = {isa = PBXFileReference; explicitFileType = wrapper.framework; includeInIndex = 0; path = Pods_TicketApp.framework; sourceTree = BUILT_PRODUCTS_DIR; };
		F44239F31E971DE4004E3E4A /* TabBarViewController.h */ = {isa = PBXFileReference; fileEncoding = 4; lastKnownFileType = sourcecode.c.h; path = TabBarViewController.h; sourceTree = "<group>"; };
		F44239F41E971DE4004E3E4A /* TabBarViewController.m */ = {isa = PBXFileReference; fileEncoding = 4; lastKnownFileType = sourcecode.c.objc; path = TabBarViewController.m; sourceTree = "<group>"; };
		F44239F51E971DE4004E3E4A /* YKNavController.h */ = {isa = PBXFileReference; fileEncoding = 4; lastKnownFileType = sourcecode.c.h; path = YKNavController.h; sourceTree = "<group>"; };
		F44239F61E971DE4004E3E4A /* YKNavController.m */ = {isa = PBXFileReference; fileEncoding = 4; lastKnownFileType = sourcecode.c.objc; path = YKNavController.m; sourceTree = "<group>"; };
		F44239FA1E9720DD004E3E4A /* UIColor+Addtion.h */ = {isa = PBXFileReference; fileEncoding = 4; lastKnownFileType = sourcecode.c.h; path = "UIColor+Addtion.h"; sourceTree = "<group>"; };
		F44239FB1E9720DD004E3E4A /* UIColor+Addtion.m */ = {isa = PBXFileReference; fileEncoding = 4; lastKnownFileType = sourcecode.c.objc; path = "UIColor+Addtion.m"; sourceTree = "<group>"; };
		F44239FE1E97246B004E3E4A /* CategoryHeader.h */ = {isa = PBXFileReference; fileEncoding = 4; lastKnownFileType = sourcecode.c.h; path = CategoryHeader.h; sourceTree = "<group>"; };
		F44239FF1E972814004E3E4A /* PrefixHeader.pch */ = {isa = PBXFileReference; fileEncoding = 4; lastKnownFileType = sourcecode.c.h; path = PrefixHeader.pch; sourceTree = "<group>"; };
		F4423A0D1E972A9F004E3E4A /* YKHomeViewController.h */ = {isa = PBXFileReference; fileEncoding = 4; lastKnownFileType = sourcecode.c.h; path = YKHomeViewController.h; sourceTree = "<group>"; };
		F4423A0E1E972A9F004E3E4A /* YKHomeViewController.m */ = {isa = PBXFileReference; fileEncoding = 4; lastKnownFileType = sourcecode.c.objc; path = YKHomeViewController.m; sourceTree = "<group>"; };
		F4423A101E972AB8004E3E4A /* YKMarketViewController.h */ = {isa = PBXFileReference; fileEncoding = 4; lastKnownFileType = sourcecode.c.h; path = YKMarketViewController.h; sourceTree = "<group>"; };
		F4423A111E972AB8004E3E4A /* YKMarketViewController.m */ = {isa = PBXFileReference; fileEncoding = 4; lastKnownFileType = sourcecode.c.objc; path = YKMarketViewController.m; sourceTree = "<group>"; };
		F4423A131E972ACA004E3E4A /* YKMeViewController.h */ = {isa = PBXFileReference; fileEncoding = 4; lastKnownFileType = sourcecode.c.h; path = YKMeViewController.h; sourceTree = "<group>"; };
		F4423A141E972ACA004E3E4A /* YKMeViewController.m */ = {isa = PBXFileReference; fileEncoding = 4; lastKnownFileType = sourcecode.c.objc; path = YKMeViewController.m; sourceTree = "<group>"; };
		F4423A1B1E9769A9004E3E4A /* YKNetWorkManager.h */ = {isa = PBXFileReference; fileEncoding = 4; lastKnownFileType = sourcecode.c.h; path = YKNetWorkManager.h; sourceTree = "<group>"; };
		F4423A1C1E9769A9004E3E4A /* YKNetWorkManager.m */ = {isa = PBXFileReference; fileEncoding = 4; lastKnownFileType = sourcecode.c.objc; path = YKNetWorkManager.m; sourceTree = "<group>"; };
		F4BBFA911E9642D800043CEA /* TicketApp.app */ = {isa = PBXFileReference; explicitFileType = wrapper.application; includeInIndex = 0; path = TicketApp.app; sourceTree = BUILT_PRODUCTS_DIR; };
		F4BBFA951E9642D800043CEA /* main.m */ = {isa = PBXFileReference; lastKnownFileType = sourcecode.c.objc; path = main.m; sourceTree = "<group>"; };
		F4BBFA971E9642D800043CEA /* AppDelegate.h */ = {isa = PBXFileReference; lastKnownFileType = sourcecode.c.h; path = AppDelegate.h; sourceTree = "<group>"; };
		F4BBFA981E9642D800043CEA /* AppDelegate.m */ = {isa = PBXFileReference; lastKnownFileType = sourcecode.c.objc; path = AppDelegate.m; sourceTree = "<group>"; };
		F4BBFAA01E9642D800043CEA /* Assets.xcassets */ = {isa = PBXFileReference; lastKnownFileType = folder.assetcatalog; path = Assets.xcassets; sourceTree = "<group>"; };
		F4BBFAA31E9642D800043CEA /* Base */ = {isa = PBXFileReference; lastKnownFileType = file.storyboard; name = Base; path = Base.lproj/LaunchScreen.storyboard; sourceTree = "<group>"; };
		F4BBFAA51E9642D800043CEA /* Info.plist */ = {isa = PBXFileReference; lastKnownFileType = text.plist.xml; path = Info.plist; sourceTree = "<group>"; };
/* End PBXFileReference section */

/* Begin PBXFrameworksBuildPhase section */
		F4BBFA8E1E9642D800043CEA /* Frameworks */ = {
			isa = PBXFrameworksBuildPhase;
			buildActionMask = 2147483647;
			files = (
				5FAEA6B536417DB6ECC340A5 /* Pods_TicketApp.framework in Frameworks */,
			);
			runOnlyForDeploymentPostprocessing = 0;
		};
/* End PBXFrameworksBuildPhase section */

/* Begin PBXGroup section */
		63D6487139A073869E801ADC /* Frameworks */ = {
			isa = PBXGroup;
			children = (
				D0CBF5E830A100F7A5EE5515 /* Pods_TicketApp.framework */,
			);
			name = Frameworks;
			sourceTree = "<group>";
		};
		E21DCB9C7F443F29B416344B /* Pods */ = {
			isa = PBXGroup;
			children = (
				2FD23CB1DE8FC5037980DE87 /* Pods-TicketApp.debug.xcconfig */,
				5D871D7907CDE30EF3A1180F /* Pods-TicketApp.release.xcconfig */,
			);
			name = Pods;
			sourceTree = "<group>";
		};
		F44239F21E971DE4004E3E4A /* Main */ = {
			isa = PBXGroup;
			children = (
				F44239F31E971DE4004E3E4A /* TabBarViewController.h */,
				F44239F41E971DE4004E3E4A /* TabBarViewController.m */,
				F44239F51E971DE4004E3E4A /* YKNavController.h */,
				F44239F61E971DE4004E3E4A /* YKNavController.m */,
			);
			path = Main;
			sourceTree = "<group>";
		};
		F44239F91E9720DD004E3E4A /* Category */ = {
			isa = PBXGroup;
			children = (
				F44239FE1E97246B004E3E4A /* CategoryHeader.h */,
				F44239FA1E9720DD004E3E4A /* UIColor+Addtion.h */,
				F44239FB1E9720DD004E3E4A /* UIColor+Addtion.m */,
			);
			path = Category;
			sourceTree = "<group>";
		};
		F4423A001E972A6E004E3E4A /* Class */ = {
			isa = PBXGroup;
			children = (
				F4423A011E972A6E004E3E4A /* Home */,
				F4423A051E972A6E004E3E4A /* Market */,
				F4423A091E972A6E004E3E4A /* Me */,
			);
			path = Class;
			sourceTree = "<group>";
		};
		F4423A011E972A6E004E3E4A /* Home */ = {
			isa = PBXGroup;
			children = (
				F4423A021E972A6E004E3E4A /* Controller */,
				F4423A031E972A6E004E3E4A /* Model */,
				F4423A041E972A6E004E3E4A /* View */,
			);
			path = Home;
			sourceTree = "<group>";
		};
		F4423A021E972A6E004E3E4A /* Controller */ = {
			isa = PBXGroup;
			children = (
				F4423A0D1E972A9F004E3E4A /* YKHomeViewController.h */,
				F4423A0E1E972A9F004E3E4A /* YKHomeViewController.m */,
			);
			path = Controller;
			sourceTree = "<group>";
		};
		F4423A031E972A6E004E3E4A /* Model */ = {
			isa = PBXGroup;
			children = (
			);
			path = Model;
			sourceTree = "<group>";
		};
		F4423A041E972A6E004E3E4A /* View */ = {
			isa = PBXGroup;
			children = (
			);
			path = View;
			sourceTree = "<group>";
		};
		F4423A051E972A6E004E3E4A /* Market */ = {
			isa = PBXGroup;
			children = (
				F4423A061E972A6E004E3E4A /* Controller */,
				F4423A071E972A6E004E3E4A /* Model */,
				F4423A081E972A6E004E3E4A /* View */,
			);
			path = Market;
			sourceTree = "<group>";
		};
		F4423A061E972A6E004E3E4A /* Controller */ = {
			isa = PBXGroup;
			children = (
				F4423A101E972AB8004E3E4A /* YKMarketViewController.h */,
				F4423A111E972AB8004E3E4A /* YKMarketViewController.m */,
			);
			path = Controller;
			sourceTree = "<group>";
		};
		F4423A071E972A6E004E3E4A /* Model */ = {
			isa = PBXGroup;
			children = (
			);
			path = Model;
			sourceTree = "<group>";
		};
		F4423A081E972A6E004E3E4A /* View */ = {
			isa = PBXGroup;
			children = (
			);
			path = View;
			sourceTree = "<group>";
		};
		F4423A091E972A6E004E3E4A /* Me */ = {
			isa = PBXGroup;
			children = (
				F4423A0A1E972A6E004E3E4A /* Controller */,
				F4423A0B1E972A6E004E3E4A /* Model */,
				F4423A0C1E972A6E004E3E4A /* View */,
			);
			path = Me;
			sourceTree = "<group>";
		};
		F4423A0A1E972A6E004E3E4A /* Controller */ = {
			isa = PBXGroup;
			children = (
				F4423A131E972ACA004E3E4A /* YKMeViewController.h */,
				F4423A141E972ACA004E3E4A /* YKMeViewController.m */,
			);
			path = Controller;
			sourceTree = "<group>";
		};
		F4423A0B1E972A6E004E3E4A /* Model */ = {
			isa = PBXGroup;
			children = (
			);
			path = Model;
			sourceTree = "<group>";
		};
		F4423A0C1E972A6E004E3E4A /* View */ = {
			isa = PBXGroup;
			children = (
			);
			path = View;
			sourceTree = "<group>";
		};
		F4423A1A1E9769A9004E3E4A /* Tools */ = {
			isa = PBXGroup;
			children = (
				F4423A1B1E9769A9004E3E4A /* YKNetWorkManager.h */,
				F4423A1C1E9769A9004E3E4A /* YKNetWorkManager.m */,
			);
			path = Tools;
			sourceTree = "<group>";
		};
		F4BBFA881E9642D800043CEA = {
			isa = PBXGroup;
			children = (
				F4BBFA931E9642D800043CEA /* TicketApp */,
				F4BBFA921E9642D800043CEA /* Products */,
				E21DCB9C7F443F29B416344B /* Pods */,
				63D6487139A073869E801ADC /* Frameworks */,
			);
			sourceTree = "<group>";
		};
		F4BBFA921E9642D800043CEA /* Products */ = {
			isa = PBXGroup;
			children = (
				F4BBFA911E9642D800043CEA /* TicketApp.app */,
			);
			name = Products;
			sourceTree = "<group>";
		};
		F4BBFA931E9642D800043CEA /* TicketApp */ = {
			isa = PBXGroup;
			children = (
				F4BBFA971E9642D800043CEA /* AppDelegate.h */,
				F4BBFA981E9642D800043CEA /* AppDelegate.m */,
				F4423A1A1E9769A9004E3E4A /* Tools */,
				F44239F91E9720DD004E3E4A /* Category */,
				F44239F21E971DE4004E3E4A /* Main */,
				F4423A001E972A6E004E3E4A /* Class */,
				F4BBFA941E9642D800043CEA /* Supporting Files */,
			);
			path = TicketApp;
			sourceTree = "<group>";
		};
		F4BBFA941E9642D800043CEA /* Supporting Files */ = {
			isa = PBXGroup;
			children = (
				F4BBFAA01E9642D800043CEA /* Assets.xcassets */,
				F4BBFAA21E9642D800043CEA /* LaunchScreen.storyboard */,
				F4BBFAA51E9642D800043CEA /* Info.plist */,
				F4BBFA951E9642D800043CEA /* main.m */,
				F44239FF1E972814004E3E4A /* PrefixHeader.pch */,
			);
			name = "Supporting Files";
			sourceTree = "<group>";
		};
/* End PBXGroup section */

/* Begin PBXNativeTarget section */
		F4BBFA901E9642D800043CEA /* TicketApp */ = {
			isa = PBXNativeTarget;
			buildConfigurationList = F4BBFAA81E9642D800043CEA /* Build configuration list for PBXNativeTarget "TicketApp" */;
			buildPhases = (
				4CAED305F4FF12AA167C52BD /* [CP] Check Pods Manifest.lock */,
				F4BBFA8D1E9642D800043CEA /* Sources */,
				F4BBFA8E1E9642D800043CEA /* Frameworks */,
				F4BBFA8F1E9642D800043CEA /* Resources */,
				2AFBF0BC241BFC215C01CBC3 /* [CP] Embed Pods Frameworks */,
				1214FB50AB1C45347C7ABDE4 /* [CP] Copy Pods Resources */,
			);
			buildRules = (
			);
			dependencies = (
			);
			name = TicketApp;
			productName = TicketApp;
			productReference = F4BBFA911E9642D800043CEA /* TicketApp.app */;
			productType = "com.apple.product-type.application";
		};
/* End PBXNativeTarget section */

/* Begin PBXProject section */
		F4BBFA891E9642D800043CEA /* Project object */ = {
			isa = PBXProject;
			attributes = {
				CLASSPREFIX = YK;
				LastUpgradeCheck = 0830;
				ORGANIZATIONNAME = hangzhouzhulongkeji;
				TargetAttributes = {
					F4BBFA901E9642D800043CEA = {
						CreatedOnToolsVersion = 8.3;
						DevelopmentTeam = DHBXPM53W4;
						ProvisioningStyle = Automatic;
					};
				};
			};
			buildConfigurationList = F4BBFA8C1E9642D800043CEA /* Build configuration list for PBXProject "TicketApp" */;
			compatibilityVersion = "Xcode 3.2";
			developmentRegion = English;
			hasScannedForEncodings = 0;
			knownRegions = (
				en,
				Base,
			);
			mainGroup = F4BBFA881E9642D800043CEA;
			productRefGroup = F4BBFA921E9642D800043CEA /* Products */;
			projectDirPath = "";
			projectRoot = "";
			targets = (
				F4BBFA901E9642D800043CEA /* TicketApp */,
			);
		};
/* End PBXProject section */

/* Begin PBXResourcesBuildPhase section */
		F4BBFA8F1E9642D800043CEA /* Resources */ = {
			isa = PBXResourcesBuildPhase;
			buildActionMask = 2147483647;
			files = (
				F4BBFAA41E9642D800043CEA /* LaunchScreen.storyboard in Resources */,
				F4BBFAA11E9642D800043CEA /* Assets.xcassets in Resources */,
			);
			runOnlyForDeploymentPostprocessing = 0;
		};
/* End PBXResourcesBuildPhase section */

/* Begin PBXShellScriptBuildPhase section */
		1214FB50AB1C45347C7ABDE4 /* [CP] Copy Pods Resources */ = {
			isa = PBXShellScriptBuildPhase;
			buildActionMask = 2147483647;
			files = (
			);
			inputPaths = (
			);
			name = "[CP] Copy Pods Resources";
			outputPaths = (
			);
			runOnlyForDeploymentPostprocessing = 0;
			shellPath = /bin/sh;
			shellScript = "\"${SRCROOT}/Pods/Target Support Files/Pods-TicketApp/Pods-TicketApp-resources.sh\"\n";
			showEnvVarsInLog = 0;
		};
		2AFBF0BC241BFC215C01CBC3 /* [CP] Embed Pods Frameworks */ = {
			isa = PBXShellScriptBuildPhase;
			buildActionMask = 2147483647;
			files = (
			);
			inputPaths = (
			);
			name = "[CP] Embed Pods Frameworks";
			outputPaths = (
			);
			runOnlyForDeploymentPostprocessing = 0;
			shellPath = /bin/sh;
			shellScript = "\"${SRCROOT}/Pods/Target Support Files/Pods-TicketApp/Pods-TicketApp-frameworks.sh\"\n";
			showEnvVarsInLog = 0;
		};
		4CAED305F4FF12AA167C52BD /* [CP] Check Pods Manifest.lock */ = {
			isa = PBXShellScriptBuildPhase;
			buildActionMask = 2147483647;
			files = (
			);
			inputPaths = (
			);
			name = "[CP] Check Pods Manifest.lock";
			outputPaths = (
			);
			runOnlyForDeploymentPostprocessing = 0;
			shellPath = /bin/sh;
			shellScript = "diff \"${PODS_ROOT}/../Podfile.lock\" \"${PODS_ROOT}/Manifest.lock\" > /dev/null\nif [ $? != 0 ] ; then\n    # print error to STDERR\n    echo \"error: The sandbox is not in sync with the Podfile.lock. Run 'pod install' or update your CocoaPods installation.\" >&2\n    exit 1\nfi\n";
			showEnvVarsInLog = 0;
		};
/* End PBXShellScriptBuildPhase section */

/* Begin PBXSourcesBuildPhase section */
		F4BBFA8D1E9642D800043CEA /* Sources */ = {
			isa = PBXSourcesBuildPhase;
			buildActionMask = 2147483647;
			files = (
				F4BBFA991E9642D800043CEA /* AppDelegate.m in Sources */,
				F4423A0F1E972A9F004E3E4A /* YKHomeViewController.m in Sources */,
				F4423A1D1E9769A9004E3E4A /* YKNetWorkManager.m in Sources */,
				F44239FC1E9720DD004E3E4A /* UIColor+Addtion.m in Sources */,
				F44239F81E971DE4004E3E4A /* YKNavController.m in Sources */,
				F4423A151E972ACA004E3E4A /* YKMeViewController.m in Sources */,
				F44239F71E971DE4004E3E4A /* TabBarViewController.m in Sources */,
				F4BBFA961E9642D800043CEA /* main.m in Sources */,
				F4423A121E972AB8004E3E4A /* YKMarketViewController.m in Sources */,
			);
			runOnlyForDeploymentPostprocessing = 0;
		};
/* End PBXSourcesBuildPhase section */

/* Begin PBXVariantGroup section */
		F4BBFAA21E9642D800043CEA /* LaunchScreen.storyboard */ = {
			isa = PBXVariantGroup;
			children = (
				F4BBFAA31E9642D800043CEA /* Base */,
			);
			name = LaunchScreen.storyboard;
			sourceTree = "<group>";
		};
/* End PBXVariantGroup section */

/* Begin XCBuildConfiguration section */
		F4BBFAA61E9642D800043CEA /* Debug */ = {
			isa = XCBuildConfiguration;
			buildSettings = {
				ALWAYS_SEARCH_USER_PATHS = NO;
				CLANG_ANALYZER_NONNULL = YES;
				CLANG_ANALYZER_NUMBER_OBJECT_CONVERSION = YES_AGGRESSIVE;
				CLANG_CXX_LANGUAGE_STANDARD = "gnu++0x";
				CLANG_CXX_LIBRARY = "libc++";
				CLANG_ENABLE_MODULES = YES;
				CLANG_ENABLE_OBJC_ARC = YES;
				CLANG_WARN_BOOL_CONVERSION = YES;
				CLANG_WARN_CONSTANT_CONVERSION = YES;
				CLANG_WARN_DIRECT_OBJC_ISA_USAGE = YES_ERROR;
				CLANG_WARN_DOCUMENTATION_COMMENTS = YES;
				CLANG_WARN_EMPTY_BODY = YES;
				CLANG_WARN_ENUM_CONVERSION = YES;
				CLANG_WARN_INFINITE_RECURSION = YES;
				CLANG_WARN_INT_CONVERSION = YES;
				CLANG_WARN_OBJC_ROOT_CLASS = YES_ERROR;
				CLANG_WARN_SUSPICIOUS_MOVE = YES;
				CLANG_WARN_UNREACHABLE_CODE = YES;
				CLANG_WARN__DUPLICATE_METHOD_MATCH = YES;
				"CODE_SIGN_IDENTITY[sdk=iphoneos*]" = "iPhone Developer";
				COPY_PHASE_STRIP = NO;
				DEBUG_INFORMATION_FORMAT = dwarf;
				ENABLE_STRICT_OBJC_MSGSEND = YES;
				ENABLE_TESTABILITY = YES;
				GCC_C_LANGUAGE_STANDARD = gnu99;
				GCC_DYNAMIC_NO_PIC = NO;
				GCC_NO_COMMON_BLOCKS = YES;
				GCC_OPTIMIZATION_LEVEL = 0;
				GCC_PREPROCESSOR_DEFINITIONS = (
					"DEBUG=1",
					"$(inherited)",
				);
				GCC_WARN_64_TO_32_BIT_CONVERSION = YES;
				GCC_WARN_ABOUT_RETURN_TYPE = YES_ERROR;
				GCC_WARN_UNDECLARED_SELECTOR = YES;
				GCC_WARN_UNINITIALIZED_AUTOS = YES_AGGRESSIVE;
				GCC_WARN_UNUSED_FUNCTION = YES;
				GCC_WARN_UNUSED_VARIABLE = YES;
				IPHONEOS_DEPLOYMENT_TARGET = 10.3;
				MTL_ENABLE_DEBUG_INFO = YES;
				ONLY_ACTIVE_ARCH = YES;
				SDKROOT = iphoneos;
				TARGETED_DEVICE_FAMILY = "1,2";
			};
			name = Debug;
		};
		F4BBFAA71E9642D800043CEA /* Release */ = {
			isa = XCBuildConfiguration;
			buildSettings = {
				ALWAYS_SEARCH_USER_PATHS = NO;
				CLANG_ANALYZER_NONNULL = YES;
				CLANG_ANALYZER_NUMBER_OBJECT_CONVERSION = YES_AGGRESSIVE;
				CLANG_CXX_LANGUAGE_STANDARD = "gnu++0x";
				CLANG_CXX_LIBRARY = "libc++";
				CLANG_ENABLE_MODULES = YES;
				CLANG_ENABLE_OBJC_ARC = YES;
				CLANG_WARN_BOOL_CONVERSION = YES;
				CLANG_WARN_CONSTANT_CONVERSION = YES;
				CLANG_WARN_DIRECT_OBJC_ISA_USAGE = YES_ERROR;
				CLANG_WARN_DOCUMENTATION_COMMENTS = YES;
				CLANG_WARN_EMPTY_BODY = YES;
				CLANG_WARN_ENUM_CONVERSION = YES;
				CLANG_WARN_INFINITE_RECURSION = YES;
				CLANG_WARN_INT_CONVERSION = YES;
				CLANG_WARN_OBJC_ROOT_CLASS = YES_ERROR;
				CLANG_WARN_SUSPICIOUS_MOVE = YES;
				CLANG_WARN_UNREACHABLE_CODE = YES;
				CLANG_WARN__DUPLICATE_METHOD_MATCH = YES;
				"CODE_SIGN_IDENTITY[sdk=iphoneos*]" = "iPhone Developer";
				COPY_PHASE_STRIP = NO;
				DEBUG_INFORMATION_FORMAT = "dwarf-with-dsym";
				ENABLE_NS_ASSERTIONS = NO;
				ENABLE_STRICT_OBJC_MSGSEND = YES;
				GCC_C_LANGUAGE_STANDARD = gnu99;
				GCC_NO_COMMON_BLOCKS = YES;
				GCC_WARN_64_TO_32_BIT_CONVERSION = YES;
				GCC_WARN_ABOUT_RETURN_TYPE = YES_ERROR;
				GCC_WARN_UNDECLARED_SELECTOR = YES;
				GCC_WARN_UNINITIALIZED_AUTOS = YES_AGGRESSIVE;
				GCC_WARN_UNUSED_FUNCTION = YES;
				GCC_WARN_UNUSED_VARIABLE = YES;
				IPHONEOS_DEPLOYMENT_TARGET = 10.3;
				MTL_ENABLE_DEBUG_INFO = NO;
				SDKROOT = iphoneos;
				TARGETED_DEVICE_FAMILY = "1,2";
				VALIDATE_PRODUCT = YES;
			};
			name = Release;
		};
		F4BBFAA91E9642D800043CEA /* Debug */ = {
			isa = XCBuildConfiguration;
			baseConfigurationReference = 2FD23CB1DE8FC5037980DE87 /* Pods-TicketApp.debug.xcconfig */;
			buildSettings = {
				ASSETCATALOG_COMPILER_APPICON_NAME = AppIcon;
				DEVELOPMENT_TEAM = DHBXPM53W4;
				GCC_PRECOMPILE_PREFIX_HEADER = YES;
				GCC_PREFIX_HEADER = "$(SRCROOT)/TicketApp/PrefixHeader.pch";
				INFOPLIST_FILE = TicketApp/Info.plist;
				IPHONEOS_DEPLOYMENT_TARGET = 8.0;
				LD_RUNPATH_SEARCH_PATHS = "$(inherited) @executable_path/Frameworks";
				PRODUCT_BUNDLE_IDENTIFIER = com.ubangwang.TicketApp;
				PRODUCT_NAME = "$(TARGET_NAME)";
				TARGETED_DEVICE_FAMILY = 1;
			};
			name = Debug;
		};
		F4BBFAAA1E9642D800043CEA /* Release */ = {
			isa = XCBuildConfiguration;
			baseConfigurationReference = 5D871D7907CDE30EF3A1180F /* Pods-TicketApp.release.xcconfig */;
			buildSettings = {
				ASSETCATALOG_COMPILER_APPICON_NAME = AppIcon;
				DEVELOPMENT_TEAM = DHBXPM53W4;
				GCC_PRECOMPILE_PREFIX_HEADER = YES;
				GCC_PREFIX_HEADER = "$(SRCROOT)/TicketApp/PrefixHeader.pch";
				INFOPLIST_FILE = TicketApp/Info.plist;
				IPHONEOS_DEPLOYMENT_TARGET = 8.0;
				LD_RUNPATH_SEARCH_PATHS = "$(inherited) @executable_path/Frameworks";
				PRODUCT_BUNDLE_IDENTIFIER = com.ubangwang.TicketApp;
				PRODUCT_NAME = "$(TARGET_NAME)";
				TARGETED_DEVICE_FAMILY = 1;
			};
			name = Release;
		};
/* End XCBuildConfiguration section */

/* Begin XCConfigurationList section */
		F4BBFA8C1E9642D800043CEA /* Build configuration list for PBXProject "TicketApp" */ = {
			isa = XCConfigurationList;
			buildConfigurations = (
				F4BBFAA61E9642D800043CEA /* Debug */,
				F4BBFAA71E9642D800043CEA /* Release */,
			);
			defaultConfigurationIsVisible = 0;
			defaultConfigurationName = Release;
		};
		F4BBFAA81E9642D800043CEA /* Build configuration list for PBXNativeTarget "TicketApp" */ = {
			isa = XCConfigurationList;
			buildConfigurations = (
				F4BBFAA91E9642D800043CEA /* Debug */,
				F4BBFAAA1E9642D800043CEA /* Release */,
			);
			defaultConfigurationIsVisible = 0;
			defaultConfigurationName = Release;
		};
/* End XCConfigurationList section */
	};
	rootObject = F4BBFA891E9642D800043CEA /* Project object */;
}
